
Microsoft Visual Studio Solution File, Format Version 12.00
# Visual Studio Version 16
VisualStudioVersion = 16.0.30503.244
MinimumVisualStudioVersion = 10.0.40219.1
Project("{FAE04EC0-301F-11D3-BF4B-00C04F79EFBC}") = "DropTheList", "DropTheList.csproj", "{06074147-360A-4976-83FD-C7ECF2A937DF}"
EndProject
Global
	GlobalSection(SolutionConfigurationPlatforms) = preSolution
		Debug|Any CPU = Debug|Any CPU
		Release|Any CPU = Release|Any CPU
	EndGlobalSection
	GlobalSection(ProjectConfigurationPlatforms) = postSolution
		{06074147-360A-4976-83FD-C7ECF2A937DF}.Debug|Any CPU.ActiveCfg = Debug|Any CPU
		{06074147-360A-4976-83FD-C7ECF2A937DF}.Debug|Any CPU.Build.0 = Debug|Any CPU
		{06074147-360A-4976-83FD-C7ECF2A937DF}.Release|Any CPU.ActiveCfg = Release|Any CPU
		{06074147-360A-4976-83FD-C7ECF2A937DF}.Release|Any CPU.Build.0 = Release|Any CPU
	EndGlobalSection
	GlobalSection(SolutionProperties) = preSolution
		HideSolutionNode = FALSE
	EndGlobalSection
	GlobalSection(ExtensibilityGlobals) = postSolution
		SolutionGuid = {3BE2A700-2E1C-4B81-9D6F-05A082911D8B}
	EndGlobalSection
EndGlobal
